
Microsoft Visual Studio Solution File, Format Version 12.00
# Visual Studio Version 16
VisualStudioVersion = 16.0.30225.117
MinimumVisualStudioVersion = 10.0.40219.1
Project("{FAE04EC0-301F-11D3-BF4B-00C04F79EFBC}") = "TextToSpeechApplication", "TextToSpeechApplication\TextToSpeechApplication.csproj", "{21D3A406-0F9B-44DC-A359-AF60A04B1A80}"
EndProject
Global
	GlobalSection(SolutionConfigurationPlatforms) = preSolution
		Debug|Any CPU = Debug|Any CPU
		Release|Any CPU = Release|Any CPU
	EndGlobalSection
	GlobalSection(ProjectConfigurationPlatforms) = postSolution
		{21D3A406-0F9B-44DC-A359-AF60A04B1A80}.Debug|Any CPU.ActiveCfg = Debug|Any CPU
		{21D3A406-0F9B-44DC-A359-AF60A04B1A80}.Debug|Any CPU.Build.0 = Debug|Any CPU
		{21D3A406-0F9B-44DC-A359-AF60A04B1A80}.Release|Any CPU.ActiveCfg = Release|Any CPU
		{21D3A406-0F9B-44DC-A359-AF60A04B1A80}.Release|Any CPU.Build.0 = Release|Any CPU
	EndGlobalSection
	GlobalSection(SolutionProperties) = preSolution
		HideSolutionNode = FALSE
	EndGlobalSection
	GlobalSection(ExtensibilityGlobals) = postSolution
		SolutionGuid = {7A804CC9-9371-4D38-A4C6-37AE84AD6CDF}
	EndGlobalSection
EndGlobal
